PODS:
  - Alamofire (4.0.1)
  - NFSpotifyAuthenticator (0.1.0):
    - Alamofire (~> 4.0.1)

DEPENDENCIES:
  - NFSpotifyAuthenticator (from `../`)

EXTERNAL SOURCES:
  NFSpotifyAuthenticator:
    :path: ../

SPEC CHECKSUMS:
  Alamofire: 7682d43245de14874acd142ec137b144aa1dd335
  NFSpotifyAuthenticator: 835477648936f521e956d609711e9c2a8c8c7a51

PODFILE CHECKSUM: 4ea36bc7449b783526e6722dc899278d9973ff07

COCOAPODS: 1.1.1
